
Microsoft Visual Studio Solution File, Format Version 12.00
# Visual Studio Version 17
VisualStudioVersion = 17.14.36301.6
MinimumVisualStudioVersion = 10.0.40219.1
Project("{FAE04EC0-301F-11D3-BF4B-00C04F79EFBC}") = "LMMs.Api", "LMMs.Api\LMMs.Api.csproj", "{37E57214-41ED-4BBE-BB90-221446777EC1}"
EndProject
Project("{FAE04EC0-301F-11D3-BF4B-00C04F79EFBC}") = "LMMs.Api.Tests", "LMMs.Api.Tests\LMMs.Api.Tests.csproj", "{E0D8D674-FA00-4B66-996C-09D05B87EAD0}"
EndProject
Global
	GlobalSection(SolutionConfigurationPlatforms) = preSolution
		Debug|Any CPU = Debug|Any CPU
		Debug|x64 = Debug|x64
		Debug|x86 = Debug|x86
		Release|Any CPU = Release|Any CPU
		Release|x64 = Release|x64
		Release|x86 = Release|x86
	EndGlobalSection
	GlobalSection(ProjectConfigurationPlatforms) = postSolution
		{37E57214-41ED-4BBE-BB90-221446777EC1}.Debug|Any CPU.ActiveCfg = Debug|Any CPU
		{37E57214-41ED-4BBE-BB90-221446777EC1}.Debug|Any CPU.Build.0 = Debug|Any CPU
		{37E57214-41ED-4BBE-BB90-221446777EC1}.Debug|x64.ActiveCfg = Debug|Any CPU
		{37E57214-41ED-4BBE-BB90-221446777EC1}.Debug|x64.Build.0 = Debug|Any CPU
		{37E57214-41ED-4BBE-BB90-221446777EC1}.Debug|x86.ActiveCfg = Debug|Any CPU
		{37E57214-41ED-4BBE-BB90-221446777EC1}.Debug|x86.Build.0 = Debug|Any CPU
		{37E57214-41ED-4BBE-BB90-221446777EC1}.Release|Any CPU.ActiveCfg = Release|Any CPU
		{37E57214-41ED-4BBE-BB90-221446777EC1}.Release|Any CPU.Build.0 = Release|Any CPU
		{37E57214-41ED-4BBE-BB90-221446777EC1}.Release|x64.ActiveCfg = Release|Any CPU
		{37E57214-41ED-4BBE-BB90-221446777EC1}.Release|x64.Build.0 = Release|Any CPU
		{37E57214-41ED-4BBE-BB90-221446777EC1}.Release|x86.ActiveCfg = Release|Any CPU
		{37E57214-41ED-4BBE-BB90-221446777EC1}.Release|x86.Build.0 = Release|Any CPU
		{E0D8D674-FA00-4B66-996C-09D05B87EAD0}.Debug|Any CPU.ActiveCfg = Debug|Any CPU
		{E0D8D674-FA00-4B66-996C-09D05B87EAD0}.Debug|Any CPU.Build.0 = Debug|Any CPU
		{E0D8D674-FA00-4B66-996C-09D05B87EAD0}.Debug|x64.ActiveCfg = Debug|Any CPU
		{E0D8D674-FA00-4B66-996C-09D05B87EAD0}.Debug|x64.Build.0 = Debug|Any CPU
		{E0D8D674-FA00-4B66-996C-09D05B87EAD0}.Debug|x86.ActiveCfg = Debug|Any CPU
		{E0D8D674-FA00-4B66-996C-09D05B87EAD0}.Debug|x86.Build.0 = Debug|Any CPU
		{E0D8D674-FA00-4B66-996C-09D05B87EAD0}.Release|Any CPU.ActiveCfg = Release|Any CPU
		{E0D8D674-FA00-4B66-996C-09D05B87EAD0}.Release|Any CPU.Build.0 = Release|Any CPU
		{E0D8D674-FA00-4B66-996C-09D05B87EAD0}.Release|x64.ActiveCfg = Release|Any CPU
		{E0D8D674-FA00-4B66-996C-09D05B87EAD0}.Release|x64.Build.0 = Release|Any CPU
		{E0D8D674-FA00-4B66-996C-09D05B87EAD0}.Release|x86.ActiveCfg = Release|Any CPU
		{E0D8D674-FA00-4B66-996C-09D05B87EAD0}.Release|x86.Build.0 = Release|Any CPU
	EndGlobalSection
	GlobalSection(SolutionProperties) = preSolution
		HideSolutionNode = FALSE
	EndGlobalSection
	GlobalSection(ExtensibilityGlobals) = postSolution
		SolutionGuid = {12B347A8-5AA9-47B6-A4E3-86900D5E4C5E}
	EndGlobalSection
EndGlobal
